
Microsoft Visual Studio Solution File, Format Version 12.00
# Visual Studio Version 17
VisualStudioVersion = 17.10.35122.118
MinimumVisualStudioVersion = 10.0.40219.1
Project("{9A19103F-16F7-4668-BE54-9A1E7A4F7556}") = "App.Web", "App.Web\App.Web.csproj", "{FDAC0A6E-A0A2-4EA8-B2C8-0E5CF99E25F1}"
EndProject
Project("{9A19103F-16F7-4668-BE54-9A1E7A4F7556}") = "DataTransferObject", "DataTransferObject\DataTransferObject.csproj", "{6D558198-1370-4090-8EC0-9B0075DDAFFE}"
EndProject
Project("{9A19103F-16F7-4668-BE54-9A1E7A4F7556}") = "Infrastructure", "Infrastructure\Infrastructure.csproj", "{E1058885-0CB8-4DE8-9939-7386A61C9179}"
EndProject
Project("{9A19103F-16F7-4668-BE54-9A1E7A4F7556}") = "Model", "Model\Model.csproj", "{7D233CA8-5B26-4980-8D06-AE463363680D}"
EndProject
Project("{9A19103F-16F7-4668-BE54-9A1E7A4F7556}") = "Shared", "Shared\Shared.csproj", "{4C5260BA-F880-4A99-8EFD-6B6DF0DEB64E}"
EndProject
Project("{9A19103F-16F7-4668-BE54-9A1E7A4F7556}") = "Service", "Service\Service.csproj", "{6D543BC0-7E32-43FE-88C7-5BF18FD9395F}"
EndProject
Project("{2150E333-8FDC-42A3-9474-1A3956D46DE8}") = "0-model", "0-model", "{A83B1026-5C01-4F2E-858A-96BCBC894A0E}"
EndProject
Project("{2150E333-8FDC-42A3-9474-1A3956D46DE8}") = "1-infrastructure", "1-infrastructure", "{2FA9A813-2EAA-406F-B2FA-C8014F2BC50E}"
EndProject
Project("{2150E333-8FDC-42A3-9474-1A3956D46DE8}") = "2-service", "2-service", "{41C37B77-62BD-4B89-A20F-C6FD2893449E}"
EndProject
Project("{2150E333-8FDC-42A3-9474-1A3956D46DE8}") = "3-web", "3-web", "{82039194-60EC-4804-8A47-95F3B4A571C5}"
EndProject
Global
	GlobalSection(SolutionConfigurationPlatforms) = preSolution
		Debug|Any CPU = Debug|Any CPU
		Release|Any CPU = Release|Any CPU
	EndGlobalSection
	GlobalSection(ProjectConfigurationPlatforms) = postSolution
		{FDAC0A6E-A0A2-4EA8-B2C8-0E5CF99E25F1}.Debug|Any CPU.ActiveCfg = Debug|Any CPU
		{FDAC0A6E-A0A2-4EA8-B2C8-0E5CF99E25F1}.Debug|Any CPU.Build.0 = Debug|Any CPU
		{FDAC0A6E-A0A2-4EA8-B2C8-0E5CF99E25F1}.Release|Any CPU.ActiveCfg = Release|Any CPU
		{FDAC0A6E-A0A2-4EA8-B2C8-0E5CF99E25F1}.Release|Any CPU.Build.0 = Release|Any CPU
		{6D558198-1370-4090-8EC0-9B0075DDAFFE}.Debug|Any CPU.ActiveCfg = Debug|Any CPU
		{6D558198-1370-4090-8EC0-9B0075DDAFFE}.Debug|Any CPU.Build.0 = Debug|Any CPU
		{6D558198-1370-4090-8EC0-9B0075DDAFFE}.Release|Any CPU.ActiveCfg = Release|Any CPU
		{6D558198-1370-4090-8EC0-9B0075DDAFFE}.Release|Any CPU.Build.0 = Release|Any CPU
		{E1058885-0CB8-4DE8-9939-7386A61C9179}.Debug|Any CPU.ActiveCfg = Debug|Any CPU
		{E1058885-0CB8-4DE8-9939-7386A61C9179}.Debug|Any CPU.Build.0 = Debug|Any CPU
		{E1058885-0CB8-4DE8-9939-7386A61C9179}.Release|Any CPU.ActiveCfg = Release|Any CPU
		{E1058885-0CB8-4DE8-9939-7386A61C9179}.Release|Any CPU.Build.0 = Release|Any CPU
		{7D233CA8-5B26-4980-8D06-AE463363680D}.Debug|Any CPU.ActiveCfg = Debug|Any CPU
		{7D233CA8-5B26-4980-8D06-AE463363680D}.Debug|Any CPU.Build.0 = Debug|Any CPU
		{7D233CA8-5B26-4980-8D06-AE463363680D}.Release|Any CPU.ActiveCfg = Release|Any CPU
		{7D233CA8-5B26-4980-8D06-AE463363680D}.Release|Any CPU.Build.0 = Release|Any CPU
		{4C5260BA-F880-4A99-8EFD-6B6DF0DEB64E}.Debug|Any CPU.ActiveCfg = Debug|Any CPU
		{4C5260BA-F880-4A99-8EFD-6B6DF0DEB64E}.Debug|Any CPU.Build.0 = Debug|Any CPU
		{4C5260BA-F880-4A99-8EFD-6B6DF0DEB64E}.Release|Any CPU.ActiveCfg = Release|Any CPU
		{4C5260BA-F880-4A99-8EFD-6B6DF0DEB64E}.Release|Any CPU.Build.0 = Release|Any CPU
		{6D543BC0-7E32-43FE-88C7-5BF18FD9395F}.Debug|Any CPU.ActiveCfg = Debug|Any CPU
		{6D543BC0-7E32-43FE-88C7-5BF18FD9395F}.Debug|Any CPU.Build.0 = Debug|Any CPU
		{6D543BC0-7E32-43FE-88C7-5BF18FD9395F}.Release|Any CPU.ActiveCfg = Release|Any CPU
		{6D543BC0-7E32-43FE-88C7-5BF18FD9395F}.Release|Any CPU.Build.0 = Release|Any CPU
	EndGlobalSection
	GlobalSection(SolutionProperties) = preSolution
		HideSolutionNode = FALSE
	EndGlobalSection
	GlobalSection(NestedProjects) = preSolution
		{FDAC0A6E-A0A2-4EA8-B2C8-0E5CF99E25F1} = {82039194-60EC-4804-8A47-95F3B4A571C5}
		{6D558198-1370-4090-8EC0-9B0075DDAFFE} = {A83B1026-5C01-4F2E-858A-96BCBC894A0E}
		{E1058885-0CB8-4DE8-9939-7386A61C9179} = {2FA9A813-2EAA-406F-B2FA-C8014F2BC50E}
		{7D233CA8-5B26-4980-8D06-AE463363680D} = {A83B1026-5C01-4F2E-858A-96BCBC894A0E}
		{4C5260BA-F880-4A99-8EFD-6B6DF0DEB64E} = {A83B1026-5C01-4F2E-858A-96BCBC894A0E}
		{6D543BC0-7E32-43FE-88C7-5BF18FD9395F} = {41C37B77-62BD-4B89-A20F-C6FD2893449E}
	EndGlobalSection
	GlobalSection(ExtensibilityGlobals) = postSolution
		SolutionGuid = {F8A64A82-D4E3-4EFD-A900-B44A8B655B60}
	EndGlobalSection
EndGlobal
